
Microsoft Visual Studio Solution File, Format Version 12.00
# Visual Studio Version 16
VisualStudioVersion = 16.0.29009.5
MinimumVisualStudioVersion = 10.0.40219.1
Project("{FAE04EC0-301F-11D3-BF4B-00C04F79EFBC}") = "CharsTitles", "CharsTitles\CharsTitles.csproj", "{DD20AD63-DA15-4A5A-BAB9-7BA878CFA6F3}"
EndProject
Project("{FAE04EC0-301F-11D3-BF4B-00C04F79EFBC}") = "CKIIParsers", "..\CK2Utils\CKIIParsers\CKIIParsers.csproj", "{FFC16B80-BF7D-4860-8ED4-16E66BD86635}"
EndProject
Project("{9A19103F-16F7-4668-BE54-9A1E7A4F7556}") = "Pdoxcl2Sharp", "..\Pdoxcl2Sharp\src\Pdoxcl2Sharp\Pdoxcl2Sharp.csproj", "{F292A14C-E2CB-47DC-99A4-475A94691B3D}"
EndProject
Global
	GlobalSection(SolutionConfigurationPlatforms) = preSolution
		Debug|Any CPU = Debug|Any CPU
		Release|Any CPU = Release|Any CPU
	EndGlobalSection
	GlobalSection(ProjectConfigurationPlatforms) = postSolution
		{DD20AD63-DA15-4A5A-BAB9-7BA878CFA6F3}.Debug|Any CPU.ActiveCfg = Debug|Any CPU
		{DD20AD63-DA15-4A5A-BAB9-7BA878CFA6F3}.Debug|Any CPU.Build.0 = Debug|Any CPU
		{DD20AD63-DA15-4A5A-BAB9-7BA878CFA6F3}.Release|Any CPU.ActiveCfg = Release|Any CPU
		{DD20AD63-DA15-4A5A-BAB9-7BA878CFA6F3}.Release|Any CPU.Build.0 = Release|Any CPU
		{FFC16B80-BF7D-4860-8ED4-16E66BD86635}.Debug|Any CPU.ActiveCfg = Debug|Any CPU
		{FFC16B80-BF7D-4860-8ED4-16E66BD86635}.Debug|Any CPU.Build.0 = Debug|Any CPU
		{FFC16B80-BF7D-4860-8ED4-16E66BD86635}.Release|Any CPU.ActiveCfg = Release|Any CPU
		{FFC16B80-BF7D-4860-8ED4-16E66BD86635}.Release|Any CPU.Build.0 = Release|Any CPU
		{F292A14C-E2CB-47DC-99A4-475A94691B3D}.Debug|Any CPU.ActiveCfg = Debug|Any CPU
		{F292A14C-E2CB-47DC-99A4-475A94691B3D}.Debug|Any CPU.Build.0 = Debug|Any CPU
		{F292A14C-E2CB-47DC-99A4-475A94691B3D}.Release|Any CPU.ActiveCfg = Release|Any CPU
		{F292A14C-E2CB-47DC-99A4-475A94691B3D}.Release|Any CPU.Build.0 = Release|Any CPU
	EndGlobalSection
	GlobalSection(SolutionProperties) = preSolution
		HideSolutionNode = FALSE
	EndGlobalSection
	GlobalSection(ExtensibilityGlobals) = postSolution
		SolutionGuid = {B02BA09F-E5FC-47F2-8B37-93F474FA283E}
	EndGlobalSection
EndGlobal
